Microsoft Visual Studio Solution File, Format Version 12.00
# Visual Studio Version 17
VisualStudioVersion = 17.5.2.0
MinimumVisualStudioVersion = 10.0.40219.1
Project("{FAE04EC0-301F-11D3-BF4B-00C04F79EFBC}") = "DiscGolfConsole", "DiscGolfConsole\DiscGolfConsole.csproj", "{1777BFAC-BA11-40B2-FAC5-DA735BC9B32E}"
EndProject
Global
	GlobalSection(SolutionConfigurationPlatforms) = preSolution
		Debug|Any CPU = Debug|Any CPU
		Release|Any CPU = Release|Any CPU
	EndGlobalSection
	GlobalSection(ProjectConfigurationPlatforms) = postSolution
		{1777BFAC-BA11-40B2-FAC5-DA735BC9B32E}.Debug|Any CPU.ActiveCfg = Debug|Any CPU
		{1777BFAC-BA11-40B2-FAC5-DA735BC9B32E}.Debug|Any CPU.Build.0 = Debug|Any CPU
		{1777BFAC-BA11-40B2-FAC5-DA735BC9B32E}.Release|Any CPU.ActiveCfg = Release|Any CPU
		{1777BFAC-BA11-40B2-FAC5-DA735BC9B32E}.Release|Any CPU.Build.0 = Release|Any CPU
	EndGlobalSection
	GlobalSection(SolutionProperties) = preSolution
		HideSolutionNode = FALSE
	EndGlobalSection
	GlobalSection(ExtensibilityGlobals) = postSolution
		SolutionGuid = {76CEC21A-D055-4B92-BAA2-BB52B17602A9}
	EndGlobalSection
EndGlobal
